github.com/nauratiara/go-printslice v1.0.0 h1:7S2Uho35t+dpiRPxTB6VNa+OKYwDq9AOUCa9rQ+Rx0E=
github.com/nauratiara/go-printslice v1.0.0/go.mod h1:YbZ0WHjXwb5FXfnJPCx1URh1YBZFCEVIfcYWe3kUnQY=
github.com/nauratiara/go-printslice v1.0.1 h1:c4LAqSFe2J0F/NeV2TMXHS4zid0CQx3/EVm5pGGVp9U=
github.com/nauratiara/go-printslice v1.0.1/go.mod h1:YbZ0WHjXwb5FXfnJPCx1URh1YBZFCEVIfcYWe3kUnQY=
github.com/nauratiara/go-printslice v1.0.2 h1:hYmO2zYmjrkllgSpl+aPrrKLN9I1usOF67dtDcwQTb0=
github.com/nauratiara/go-printslice v1.0.2/go.mod h1:YbZ0WHjXwb5FXfnJPCx1URh1YBZFCEVIfcYWe3kUnQY=
github.com/nauratiara/go-printslice v1.0.3 h1:KbFqUcXXVju1DxjKqg/Az4CbW00TOQvsqn6yvhNmsVQ=
github.com/nauratiara/go-printslice v1.0.3/go.mod h1:YbZ0WHjXwb5FXfnJPCx1URh1YBZFCEVIfcYWe3kUnQY=
github.com/nauratiara/go-printslice v1.0.4 h1:v51sPi1q2dzCAI4W/rHNb4utIHamthRMpgSy3XjsVis=
github.com/nauratiara/go-printslice v1.0.4/go.mod h1:YbZ0WHjXwb5FXfnJPCx1URh1YBZFCEVIfcYWe3kUnQY=
github.com/nauratiara/go-printslice v1.0.5 h1:uVt/mtz2Q+tcpYmeXGsCD5TLSoDA59wYY/R6im10yDo=
github.com/nauratiara/go-printslice v1.0.5/go.mod h1:YbZ0WHjXwb5FXfnJPCx1URh1YBZFCEVIfcYWe3kUnQY=
